
Microsoft Visual Studio Solution File, Format Version 12.00
# Visual Studio Version 17
VisualStudioVersion = 17.12.35527.113
MinimumVisualStudioVersion = 10.0.40219.1
Project("{FAE04EC0-301F-11D3-BF4B-00C04F79EFBC}") = "Semantic_Analysis", "Semantic_Analysis\Semantic_Analysis.csproj", "{8AFEF5BF-B683-4534-BF8B-682A71DA1E03}"
EndProject
Project("{FAE04EC0-301F-11D3-BF4B-00C04F79EFBC}") = "UnitTestProject", "UnitTestProject\UnitTestProject.csproj", "{AE0C7CB5-713D-4728-8C40-E1422DCFE036}"
EndProject
Project("{2150E333-8FDC-42A3-9474-1A3956D46DE8}") = "Documentation", "Documentation", "{489D5F55-F84F-401A-8C69-E9EE20300D89}"
	ProjectSection(SolutionItems) = preProject
		Documentation\Project.md = Documentation\Project.md
	EndProjectSection
EndProject
Global
	GlobalSection(SolutionConfigurationPlatforms) = preSolution
		Debug|Any CPU = Debug|Any CPU
		Release|Any CPU = Release|Any CPU
	EndGlobalSection
	GlobalSection(ProjectConfigurationPlatforms) = postSolution
		{8AFEF5BF-B683-4534-BF8B-682A71DA1E03}.Debug|Any CPU.ActiveCfg = Debug|Any CPU
		{8AFEF5BF-B683-4534-BF8B-682A71DA1E03}.Debug|Any CPU.Build.0 = Debug|Any CPU
		{8AFEF5BF-B683-4534-BF8B-682A71DA1E03}.Release|Any CPU.ActiveCfg = Release|Any CPU
		{8AFEF5BF-B683-4534-BF8B-682A71DA1E03}.Release|Any CPU.Build.0 = Release|Any CPU
		{AE0C7CB5-713D-4728-8C40-E1422DCFE036}.Debug|Any CPU.ActiveCfg = Debug|Any CPU
		{AE0C7CB5-713D-4728-8C40-E1422DCFE036}.Debug|Any CPU.Build.0 = Debug|Any CPU
		{AE0C7CB5-713D-4728-8C40-E1422DCFE036}.Release|Any CPU.ActiveCfg = Release|Any CPU
		{AE0C7CB5-713D-4728-8C40-E1422DCFE036}.Release|Any CPU.Build.0 = Release|Any CPU
	EndGlobalSection
	GlobalSection(SolutionProperties) = preSolution
		HideSolutionNode = FALSE
	EndGlobalSection
EndGlobal
